// !$*UTF8*$!
{
	archiveVersion = 1;
	classes = {
	};
	objectVersion = 46;
	objects = {

/* Begin PBXBuildFile section */
		8C30E3411F1D355A0084CB1B /* MovieViewController.swift in Sources */ = {isa = PBXBuildFile; fileRef = 8C30E3401F1D355A0084CB1B /* MovieViewController.swift */; };
		8C30E3431F1D3E310084CB1B /* StarWarsModel.swift in Sources */ = {isa = PBXBuildFile; fileRef = 8C30E3421F1D3E310084CB1B /* StarWarsModel.swift */; };
		8C30E3451F1D6D7C0084CB1B /* PersonDetailViewController.swift in Sources */ = {isa = PBXBuildFile; fileRef = 8C30E3441F1D6D7C0084CB1B /* PersonDetailViewController.swift */; };
		8C30E3471F1D8C7C0084CB1B /* MovieDetailViewController.swift in Sources */ = {isa = PBXBuildFile; fileRef = 8C30E3461F1D8C7C0084CB1B /* MovieDetailViewController.swift */; };
		8C3DD10D1F193F2900AE6BF1 /* AppDelegate.swift in Sources */ = {isa = PBXBuildFile; fileRef = 8C3DD10C1F193F2900AE6BF1 /* AppDelegate.swift */; };
		8C3DD10F1F193F2900AE6BF1 /* PeopleViewController.swift in Sources */ = {isa = PBXBuildFile; fileRef = 8C3DD10E1F193F2900AE6BF1 /* PeopleViewController.swift */; };
		8C3DD1121F193F2900AE6BF1 /* Main.storyboard in Resources */ = {isa = PBXBuildFile; fileRef = 8C3DD1101F193F2900AE6BF1 /* Main.storyboard */; };
		8C3DD1141F193F2900AE6BF1 /* Assets.xcassets in Resources */ = {isa = PBXBuildFile; fileRef = 8C3DD1131F193F2900AE6BF1 /* Assets.xcassets */; };
		8C3DD1171F193F2900AE6BF1 /* LaunchScreen.storyboard in Resources */ = {isa = PBXBuildFile; fileRef = 8C3DD1151F193F2900AE6BF1 /* LaunchScreen.storyboard */; };
		8C3DD1221F193F2900AE6BF1 /* StarWarsEncyclopediaTests.swift in Sources */ = {isa = PBXBuildFile; fileRef = 8C3DD1211F193F2900AE6BF1 /* StarWarsEncyclopediaTests.swift */; };
		8C3DD12D1F193F2900AE6BF1 /* StarWarsEncyclopediaUITests.swift in Sources */ = {isa = PBXBuildFile; fileRef = 8C3DD12C1F193F2900AE6BF1 /* StarWarsEncyclopediaUITests.swift */; };
/* End PBXBuildFile section */

/* Begin PBXContainerItemProxy section */
		8C3DD11E1F193F2900AE6BF1 /* PBXContainerItemProxy */ = {
			isa = PBXContainerItemProxy;
			containerPortal = 8C3DD1011F193F2900AE6BF1 /* Project object */;
			proxyType = 1;
			remoteGlobalIDString = 8C3DD1081F193F2900AE6BF1;
			remoteInfo = StarWarsEncyclopedia;
		};
		8C3DD1291F193F2900AE6BF1 /* PBXContainerItemProxy */ = {
			isa = PBXContainerItemProxy;
			containerPortal = 8C3DD1011F193F2900AE6BF1 /* Project object */;
			proxyType = 1;
			remoteGlobalIDString = 8C3DD1081F193F2900AE6BF1;
			remoteInfo = StarWarsEncyclopedia;
		};
/* End PBXContainerItemProxy section */

/* Begin PBXFileReference section */
		8C30E3401F1D355A0084CB1B /* MovieViewController.swift */ = {isa = PBXFileReference; fileEncoding = 4; lastKnownFileType = sourcecode.swift; path = MovieViewController.swift; sourceTree = "<group>"; };
		8C30E3421F1D3E310084CB1B /* StarWarsModel.swift */ = {isa = PBXFileReference; fileEncoding = 4; lastKnownFileType = sourcecode.swift; path = StarWarsModel.swift; sourceTree = "<group>"; };
		8C30E3441F1D6D7C0084CB1B /* PersonDetailViewController.swift */ = {isa = PBXFileReference; fileEncoding = 4; lastKnownFileType = sourcecode.swift; path = PersonDetailViewController.swift; sourceTree = "<group>"; };
		8C30E3461F1D8C7C0084CB1B /* MovieDetailViewController.swift */ = {isa = PBXFileReference; fileEncoding = 4; lastKnownFileType = sourcecode.swift; path = MovieDetailViewController.swift; sourceTree = "<group>"; };
		8C3DD1091F193F2900AE6BF1 /* StarWarsEncyclopedia.app */ = {isa = PBXFileReference; explicitFileType = wrapper.application; includeInIndex = 0; path = StarWarsEncyclopedia.app; sourceTree = BUILT_PRODUCTS_DIR; };
		8C3DD10C1F193F2900AE6BF1 /* AppDelegate.swift */ = {isa = PBXFileReference; lastKnownFileType = sourcecode.swift; path = AppDelegate.swift; sourceTree = "<group>"; };
		8C3DD10E1F193F2900AE6BF1 /* PeopleViewController.swift */ = {isa = PBXFileReference; lastKnownFileType = sourcecode.swift; path = PeopleViewController.swift; sourceTree = "<group>"; };
		8C3DD1111F193F2900AE6BF1 /* Base */ = {isa = PBXFileReference; lastKnownFileType = file.storyboard; name = Base; path = Base.lproj/Main.storyboard; sourceTree = "<group>"; };
		8C3DD1131F193F2900AE6BF1 /* Assets.xcassets */ = {isa = PBXFileReference; lastKnownFileType = folder.assetcatalog; path = Assets.xcassets; sourceTree = "<group>"; };
		8C3DD1161F193F2900AE6BF1 /* Base */ = {isa = PBXFileReference; lastKnownFileType = file.storyboard; name = Base; path = Base.lproj/LaunchScreen.storyboard; sourceTree = "<group>"; };
		8C3DD1181F193F2900AE6BF1 /* Info.plist */ = {isa = PBXFileReference; lastKnownFileType = text.plist.xml; path = Info.plist; sourceTree = "<group>"; };
		8C3DD11D1F193F2900AE6BF1 /* StarWarsEncyclopediaTests.xctest */ = {isa = PBXFileReference; explicitFileType = wrapper.cfbundle; includeInIndex = 0; path = StarWarsEncyclopediaTests.xctest; sourceTree = BUILT_PRODUCTS_DIR; };
		8C3DD1211F193F2900AE6BF1 /* StarWarsEncyclopediaTests.swift */ = {isa = PBXFileReference; lastKnownFileType = sourcecode.swift; path = StarWarsEncyclopediaTests.swift; sourceTree = "<group>"; };
		8C3DD1231F193F2900AE6BF1 /* Info.plist */ = {isa = PBXFileReference; lastKnownFileType = text.plist.xml; path = Info.plist; sourceTree = "<group>"; };
		8C3DD1281F193F2900AE6BF1 /* StarWarsEncyclopediaUITests.xctest */ = {isa = PBXFileReference; explicitFileType = wrapper.cfbundle; includeInIndex = 0; path = StarWarsEncyclopediaUITests.xctest; sourceTree = BUILT_PRODUCTS_DIR; };
		8C3DD12C1F193F2900AE6BF1 /* StarWarsEncyclopediaUITests.swift */ = {isa = PBXFileReference; lastKnownFileType = sourcecode.swift; path = StarWarsEncyclopediaUITests.swift; sourceTree = "<group>"; };
		8C3DD12E1F193F2900AE6BF1 /* Info.plist */ = {isa = PBXFileReference; lastKnownFileType = text.plist.xml; path = Info.plist; sourceTree = "<group>"; };
/* End PBXFileReference section */

/* Begin PBXFrameworksBuildPhase section */
		8C3DD1061F193F2900AE6BF1 /* Frameworks */ = {
			isa = PBXFrameworksBuildPhase;
			buildActionMask = 2147483647;
			files = (
			);
			runOnlyForDeploymentPostprocessing = 0;
		};
		8C3DD11A1F193F2900AE6BF1 /* Frameworks */ = {
			isa = PBXFrameworksBuildPhase;
			buildActionMask = 2147483647;
			files = (
			);
			runOnlyForDeploymentPostprocessing = 0;
		};
		8C3DD1251F193F2900AE6BF1 /* Frameworks */ = {
			isa = PBXFrameworksBuildPhase;
			buildActionMask = 2147483647;
			files = (
			);
			runOnlyForDeploymentPostprocessing = 0;
		};
/* End PBXFrameworksBuildPhase section */

/* Begin PBXGroup section */
		8C3DD1001F193F2900AE6BF1 = {
			isa = PBXGroup;
			children = (
				8C3DD10B1F193F2900AE6BF1 /* StarWarsEncyclopedia */,
				8C3DD1201F193F2900AE6BF1 /* StarWarsEncyclopediaTests */,
				8C3DD12B1F193F2900AE6BF1 /* StarWarsEncyclopediaUITests */,
				8C3DD10A1F193F2900AE6BF1 /* Products */,
			);
			sourceTree = "<group>";
		};
		8C3DD10A1F193F2900AE6BF1 /* Products */ = {
			isa = PBXGroup;
			children = (
				8C3DD1091F193F2900AE6BF1 /* StarWarsEncyclopedia.app */,
				8C3DD11D1F193F2900AE6BF1 /* StarWarsEncyclopediaTests.xctest */,
				8C3DD1281F193F2900AE6BF1 /* StarWarsEncyclopediaUITests.xctest */,
			);
			name = Products;
			sourceTree = "<group>";
		};
		8C3DD10B1F193F2900AE6BF1 /* StarWarsEncyclopedia */ = {
			isa = PBXGroup;
			children = (
				8C3DD10C1F193F2900AE6BF1 /* AppDelegate.swift */,
				8C3DD10E1F193F2900AE6BF1 /* PeopleViewController.swift */,
				8C30E3441F1D6D7C0084CB1B /* PersonDetailViewController.swift */,
				8C30E3461F1D8C7C0084CB1B /* MovieDetailViewController.swift */,
				8C3DD1101F193F2900AE6BF1 /* Main.storyboard */,
				8C30E3401F1D355A0084CB1B /* MovieViewController.swift */,
				8C30E3421F1D3E310084CB1B /* StarWarsModel.swift */,
				8C3DD1131F193F2900AE6BF1 /* Assets.xcassets */,
				8C3DD1151F193F2900AE6BF1 /* LaunchScreen.storyboard */,
				8C3DD1181F193F2900AE6BF1 /* Info.plist */,
			);
			path = StarWarsEncyclopedia;
			sourceTree = "<group>";
		};
		8C3DD1201F193F2900AE6BF1 /* StarWarsEncyclopediaTests */ = {
			isa = PBXGroup;
			children = (
				8C3DD1211F193F2900AE6BF1 /* StarWarsEncyclopediaTests.swift */,
				8C3DD1231F193F2900AE6BF1 /* Info.plist */,
			);
			path = StarWarsEncyclopediaTests;
			sourceTree = "<group>";
		};
		8C3DD12B1F193F2900AE6BF1 /* StarWarsEncyclopediaUITests */ = {
			isa = PBXGroup;
			children = (
				8C3DD12C1F193F2900AE6BF1 /* StarWarsEncyclopediaUITests.swift */,
				8C3DD12E1F193F2900AE6BF1 /* Info.plist */,
			);
			path = StarWarsEncyclopediaUITests;
			sourceTree = "<group>";
		};
/* End PBXGroup section */

/* Begin PBXNativeTarget section */
		8C3DD1081F193F2900AE6BF1 /* StarWarsEncyclopedia */ = {
			isa = PBXNativeTarget;
			buildConfigurationList = 8C3DD1311F193F2900AE6BF1 /* Build configuration list for PBXNativeTarget "StarWarsEncyclopedia" */;
			buildPhases = (
				8C3DD1051F193F2900AE6BF1 /* Sources */,
				8C3DD1061F193F2900AE6BF1 /* Frameworks */,
				8C3DD1071F193F2900AE6BF1 /* Resources */,
			);
			buildRules = (
			);
			dependencies = (
			);
			name = StarWarsEncyclopedia;
			productName = StarWarsEncyclopedia;
			productReference = 8C3DD1091F193F2900AE6BF1 /* StarWarsEncyclopedia.app */;
			productType = "com.apple.product-type.application";
		};
		8C3DD11C1F193F2900AE6BF1 /* StarWarsEncyclopediaTests */ = {
			isa = PBXNativeTarget;
			buildConfigurationList = 8C3DD1341F193F2900AE6BF1 /* Build configuration list for PBXNativeTarget "StarWarsEncyclopediaTests" */;
			buildPhases = (
				8C3DD1191F193F2900AE6BF1 /* Sources */,
				8C3DD11A1F193F2900AE6BF1 /* Frameworks */,
				8C3DD11B1F193F2900AE6BF1 /* Resources */,
			);
			buildRules = (
			);
			dependencies = (
				8C3DD11F1F193F2900AE6BF1 /* PBXTargetDependency */,
			);
			name = StarWarsEncyclopediaTests;
			productName = StarWarsEncyclopediaTests;
			productReference = 8C3DD11D1F193F2900AE6BF1 /* StarWarsEncyclopediaTests.xctest */;
			productType = "com.apple.product-type.bundle.unit-test";
		};
		8C3DD1271F193F2900AE6BF1 /* StarWarsEncyclopediaUITests */ = {
			isa = PBXNativeTarget;
			buildConfigurationList = 8C3DD1371F193F2900AE6BF1 /* Build configuration list for PBXNativeTarget "StarWarsEncyclopediaUITests" */;
			buildPhases = (
				8C3DD1241F193F2900AE6BF1 /* Sources */,
				8C3DD1251F193F2900AE6BF1 /* Frameworks */,
				8C3DD1261F193F2900AE6BF1 /* Resources */,
			);
			buildRules = (
			);
			dependencies = (
				8C3DD12A1F193F2900AE6BF1 /* PBXTargetDependency */,
			);
			name = StarWarsEncyclopediaUITests;
			productName = StarWarsEncyclopediaUITests;
			productReference = 8C3DD1281F193F2900AE6BF1 /* StarWarsEncyclopediaUITests.xctest */;
			productType = "com.apple.product-type.bundle.ui-testing";
		};
/* End PBXNativeTarget section */

/* Begin PBXProject section */
		8C3DD1011F193F2900AE6BF1 /* Project object */ = {
			isa = PBXProject;
			attributes = {
				LastSwiftUpdateCheck = 0830;
				LastUpgradeCheck = 0830;
				ORGANIZATIONNAME = "Kaan Kabalak";
				TargetAttributes = {
					8C3DD1081F193F2900AE6BF1 = {
						CreatedOnToolsVersion = 8.3.3;
						DevelopmentTeam = G6RP4M9WGT;
						ProvisioningStyle = Automatic;
					};
					8C3DD11C1F193F2900AE6BF1 = {
						CreatedOnToolsVersion = 8.3.3;
						DevelopmentTeam = G6RP4M9WGT;
						ProvisioningStyle = Automatic;
						TestTargetID = 8C3DD1081F193F2900AE6BF1;
					};
					8C3DD1271F193F2900AE6BF1 = {
						CreatedOnToolsVersion = 8.3.3;
						DevelopmentTeam = G6RP4M9WGT;
						ProvisioningStyle = Automatic;
						TestTargetID = 8C3DD1081F193F2900AE6BF1;
					};
				};
			};
			buildConfigurationList = 8C3DD1041F193F2900AE6BF1 /* Build configuration list for PBXProject "StarWarsEncyclopedia" */;
			compatibilityVersion = "Xcode 3.2";
			developmentRegion = English;
			hasScannedForEncodings = 0;
			knownRegions = (
				en,
				Base,
			);
			mainGroup = 8C3DD1001F193F2900AE6BF1;
			productRefGroup = 8C3DD10A1F193F2900AE6BF1 /* Products */;
			projectDirPath = "";
			projectRoot = "";
			targets = (
				8C3DD1081F193F2900AE6BF1 /* StarWarsEncyclopedia */,
				8C3DD11C1F193F2900AE6BF1 /* StarWarsEncyclopediaTests */,
				8C3DD1271F193F2900AE6BF1 /* StarWarsEncyclopediaUITests */,
			);
		};
/* End PBXProject section */

/* Begin PBXResourcesBuildPhase section */
		8C3DD1071F193F2900AE6BF1 /* Resources */ = {
			isa = PBXResourcesBuildPhase;
			buildActionMask = 2147483647;
			files = (
				8C3DD1171F193F2900AE6BF1 /* LaunchScreen.storyboard in Resources */,
				8C3DD1141F193F2900AE6BF1 /* Assets.xcassets in Resources */,
				8C3DD1121F193F2900AE6BF1 /* Main.storyboard in Resources */,
			);
			runOnlyForDeploymentPostprocessing = 0;
		};
		8C3DD11B1F193F2900AE6BF1 /* Resources */ = {
			isa = PBXResourcesBuildPhase;
			buildActionMask = 2147483647;
			files = (
			);
			runOnlyForDeploymentPostprocessing = 0;
		};
		8C3DD1261F193F2900AE6BF1 /* Resources */ = {
			isa = PBXResourcesBuildPhase;
			buildActionMask = 2147483647;
			files = (
			);
			runOnlyForDeploymentPostprocessing = 0;
		};
/* End PBXResourcesBuildPhase section */

/* Begin PBXSourcesBuildPhase section */
		8C3DD1051F193F2900AE6BF1 /* Sources */ = {
			isa = PBXSourcesBuildPhase;
			buildActionMask = 2147483647;
			files = (
				8C3DD10F1F193F2900AE6BF1 /* PeopleViewController.swift in Sources */,
				8C3DD10D1F193F2900AE6BF1 /* AppDelegate.swift in Sources */,
				8C30E3431F1D3E310084CB1B /* StarWarsModel.swift in Sources */,
				8C30E3451F1D6D7C0084CB1B /* PersonDetailViewController.swift in Sources */,
				8C30E3471F1D8C7C0084CB1B /* MovieDetailViewController.swift in Sources */,
				8C30E3411F1D355A0084CB1B /* MovieViewController.swift in Sources */,
			);
			runOnlyForDeploymentPostprocessing = 0;
		};
		8C3DD1191F193F2900AE6BF1 /* Sources */ = {
			isa = PBXSourcesBuildPhase;
			buildActionMask = 2147483647;
			files = (
				8C3DD1221F193F2900AE6BF1 /* StarWarsEncyclopediaTests.swift in Sources */,
			);
			runOnlyForDeploymentPostprocessing = 0;
		};
		8C3DD1241F193F2900AE6BF1 /* Sources */ = {
			isa = PBXSourcesBuildPhase;
			buildActionMask = 2147483647;
			files = (
				8C3DD12D1F193F2900AE6BF1 /* StarWarsEncyclopediaUITests.swift in Sources */,
			);
			runOnlyForDeploymentPostprocessing = 0;
		};
/* End PBXSourcesBuildPhase section */

/* Begin PBXTargetDependency section */
		8C3DD11F1F193F2900AE6BF1 /* PBXTargetDependency */ = {
			isa = PBXTargetDependency;
			target = 8C3DD1081F193F2900AE6BF1 /* StarWarsEncyclopedia */;
			targetProxy = 8C3DD11E1F193F2900AE6BF1 /* PBXContainerItemProxy */;
		};
		8C3DD12A1F193F2900AE6BF1 /* PBXTargetDependency */ = {
			isa = PBXTargetDependency;
			target = 8C3DD1081F193F2900AE6BF1 /* StarWarsEncyclopedia */;
			targetProxy = 8C3DD1291F193F2900AE6BF1 /* PBXContainerItemProxy */;
		};
/* End PBXTargetDependency section */

/* Begin PBXVariantGroup section */
		8C3DD1101F193F2900AE6BF1 /* Main.storyboard */ = {
			isa = PBXVariantGroup;
			children = (
				8C3DD1111F193F2900AE6BF1 /* Base */,
			);
			name = Main.storyboard;
			sourceTree = "<group>";
		};
		8C3DD1151F193F2900AE6BF1 /* LaunchScreen.storyboard */ = {
			isa = PBXVariantGroup;
			children = (
				8C3DD1161F193F2900AE6BF1 /* Base */,
			);
			name = LaunchScreen.storyboard;
			sourceTree = "<group>";
		};
/* End PBXVariantGroup section */

/* Begin XCBuildConfiguration section */
		8C3DD12F1F193F2900AE6BF1 /* Debug */ = {
			isa = XCBuildConfiguration;
			buildSettings = {
				ALWAYS_SEARCH_USER_PATHS = NO;
				CLANG_ANALYZER_NONNULL = YES;
				CLANG_ANALYZER_NUMBER_OBJECT_CONVERSION = YES_AGGRESSIVE;
				CLANG_CXX_LANGUAGE_STANDARD = "gnu++0x";
				CLANG_CXX_LIBRARY = "libc++";
				CLANG_ENABLE_MODULES = YES;
				CLANG_ENABLE_OBJC_ARC = YES;
				CLANG_WARN_BOOL_CONVERSION = YES;
				CLANG_WARN_CONSTANT_CONVERSION = YES;
				CLANG_WARN_DIRECT_OBJC_ISA_USAGE = YES_ERROR;
				CLANG_WARN_DOCUMENTATION_COMMENTS = YES;
				CLANG_WARN_EMPTY_BODY = YES;
				CLANG_WARN_ENUM_CONVERSION = YES;
				CLANG_WARN_INFINITE_RECURSION = YES;
				CLANG_WARN_INT_CONVERSION = YES;
				CLANG_WARN_OBJC_ROOT_CLASS = YES_ERROR;
				CLANG_WARN_SUSPICIOUS_MOVE = YES;
				CLANG_WARN_UNREACHABLE_CODE = YES;
				CLANG_WARN__DUPLICATE_METHOD_MATCH = YES;
				"CODE_SIGN_IDENTITY[sdk=iphoneos*]" = "iPhone Developer";
				COPY_PHASE_STRIP = NO;
				DEBUG_INFORMATION_FORMAT = dwarf;
				ENABLE_STRICT_OBJC_MSGSEND = YES;
				ENABLE_TESTABILITY = YES;
				GCC_C_LANGUAGE_STANDARD = gnu99;
				GCC_DYNAMIC_NO_PIC = NO;
				GCC_NO_COMMON_BLOCKS = YES;
				GCC_OPTIMIZATION_LEVEL = 0;
				GCC_PREPROCESSOR_DEFINITIONS = (
					"DEBUG=1",
					"$(inherited)",
				);
				GCC_WARN_64_TO_32_BIT_CONVERSION = YES;
				GCC_WARN_ABOUT_RETURN_TYPE = YES_ERROR;
				GCC_WARN_UNDECLARED_SELECTOR = YES;
				GCC_WARN_UNINITIALIZED_AUTOS = YES_AGGRESSIVE;
				GCC_WARN_UNUSED_FUNCTION = YES;
				GCC_WARN_UNUSED_VARIABLE = YES;
				IPHONEOS_DEPLOYMENT_TARGET = 10.3;
				MTL_ENABLE_DEBUG_INFO = YES;
				ONLY_ACTIVE_ARCH = YES;
				SDKROOT = iphoneos;
				SWIFT_ACTIVE_COMPILATION_CONDITIONS = DEBUG;
				SWIFT_OPTIMIZATION_LEVEL = "-Onone";
				TARGETED_DEVICE_FAMILY = "1,2";
			};
			name = Debug;
		};
		8C3DD1301F193F2900AE6BF1 /* Release */ = {
			isa = XCBuildConfiguration;
			buildSettings = {
				ALWAYS_SEARCH_USER_PATHS = NO;
				CLANG_ANALYZER_NONNULL = YES;
				CLANG_ANALYZER_NUMBER_OBJECT_CONVERSION = YES_AGGRESSIVE;
				CLANG_CXX_LANGUAGE_STANDARD = "gnu++0x";
				CLANG_CXX_LIBRARY = "libc++";
				CLANG_ENABLE_MODULES = YES;
				CLANG_ENABLE_OBJC_ARC = YES;
				CLANG_WARN_BOOL_CONVERSION = YES;
				CLANG_WARN_CONSTANT_CONVERSION = YES;
				CLANG_WARN_DIRECT_OBJC_ISA_USAGE = YES_ERROR;
				CLANG_WARN_DOCUMENTATION_COMMENTS = YES;
				CLANG_WARN_EMPTY_BODY = YES;
				CLANG_WARN_ENUM_CONVERSION = YES;
				CLANG_WARN_INFINITE_RECURSION = YES;
				CLANG_WARN_INT_CONVERSION = YES;
				CLANG_WARN_OBJC_ROOT_CLASS = YES_ERROR;
				CLANG_WARN_SUSPICIOUS_MOVE = YES;
				CLANG_WARN_UNREACHABLE_CODE = YES;
				CLANG_WARN__DUPLICATE_METHOD_MATCH = YES;
				"CODE_SIGN_IDENTITY[sdk=iphoneos*]" = "iPhone Developer";
				COPY_PHASE_STRIP = NO;
				DEBUG_INFORMATION_FORMAT = "dwarf-with-dsym";
				ENABLE_NS_ASSERTIONS = NO;
				ENABLE_STRICT_OBJC_MSGSEND = YES;
				GCC_C_LANGUAGE_STANDARD = gnu99;
				GCC_NO_COMMON_BLOCKS = YES;
				GCC_WARN_64_TO_32_BIT_CONVERSION = YES;
				GCC_WARN_ABOUT_RETURN_TYPE = YES_ERROR;
				GCC_WARN_UNDECLARED_SELECTOR = YES;
				GCC_WARN_UNINITIALIZED_AUTOS = YES_AGGRESSIVE;
				GCC_WARN_UNUSED_FUNCTION = YES;
				GCC_WARN_UNUSED_VARIABLE = YES;
				IPHONEOS_DEPLOYMENT_TARGET = 10.3;
				MTL_ENABLE_DEBUG_INFO = NO;
				SDKROOT = iphoneos;
				SWIFT_OPTIMIZATION_LEVEL = "-Owholemodule";
				TARGETED_DEVICE_FAMILY = "1,2";
				VALIDATE_PRODUCT = YES;
			};
			name = Release;
		};
		8C3DD1321F193F2900AE6BF1 /* Debug */ = {
			isa = XCBuildConfiguration;
			buildSettings = {
				ASSETCATALOG_COMPILER_APPICON_NAME = AppIcon;
				DEVELOPMENT_TEAM = G6RP4M9WGT;
				INFOPLIST_FILE = StarWarsEncyclopedia/Info.plist;
				LD_RUNPATH_SEARCH_PATHS = "$(inherited) @executable_path/Frameworks";
				PRODUCT_BUNDLE_IDENTIFIER = com.codingdojo.RainbowRoad;
				PRODUCT_NAME = "$(TARGET_NAME)";
				SWIFT_VERSION = 3.0;
			};
			name = Debug;
		};
		8C3DD1331F193F2900AE6BF1 /* Release */ = {
			isa = XCBuildConfiguration;
			buildSettings = {
				ASSETCATALOG_COMPILER_APPICON_NAME = AppIcon;
				DEVELOPMENT_TEAM = G6RP4M9WGT;
				INFOPLIST_FILE = StarWarsEncyclopedia/Info.plist;
				LD_RUNPATH_SEARCH_PATHS = "$(inherited) @executable_path/Frameworks";
				PRODUCT_BUNDLE_IDENTIFIER = com.codingdojo.RainbowRoad;
				PRODUCT_NAME = "$(TARGET_NAME)";
				SWIFT_VERSION = 3.0;
			};
			name = Release;
		};
		8C3DD1351F193F2900AE6BF1 /* Debug */ = {
			isa = XCBuildConfiguration;
			buildSettings = {
				ALWAYS_EMBED_SWIFT_STANDARD_LIBRARIES = YES;
				BUNDLE_LOADER = "$(TEST_HOST)";
				DEVELOPMENT_TEAM = G6RP4M9WGT;
				INFOPLIST_FILE = StarWarsEncyclopediaTests/Info.plist;
				LD_RUNPATH_SEARCH_PATHS = "$(inherited) @executable_path/Frameworks @loader_path/Frameworks";
				PRODUCT_BUNDLE_IDENTIFIER = com.codingdojo.RainbowRoad.StarWarsEncyclopediaTests;
				PRODUCT_NAME = "$(TARGET_NAME)";
				SWIFT_VERSION = 3.0;
				TEST_HOST = "$(BUILT_PRODUCTS_DIR)/StarWarsEncyclopedia.app/StarWarsEncyclopedia";
			};
			name = Debug;
		};
		8C3DD1361F193F2900AE6BF1 /* Release */ = {
			isa = XCBuildConfiguration;
			buildSettings = {
				ALWAYS_EMBED_SWIFT_STANDARD_LIBRARIES = YES;
				BUNDLE_LOADER = "$(TEST_HOST)";
				DEVELOPMENT_TEAM = G6RP4M9WGT;
				INFOPLIST_FILE = StarWarsEncyclopediaTests/Info.plist;
				LD_RUNPATH_SEARCH_PATHS = "$(inherited) @executable_path/Frameworks @loader_path/Frameworks";
				PRODUCT_BUNDLE_IDENTIFIER = com.codingdojo.RainbowRoad.StarWarsEncyclopediaTests;
				PRODUCT_NAME = "$(TARGET_NAME)";
				SWIFT_VERSION = 3.0;
				TEST_HOST = "$(BUILT_PRODUCTS_DIR)/StarWarsEncyclopedia.app/StarWarsEncyclopedia";
			};
			name = Release;
		};
		8C3DD1381F193F2900AE6BF1 /* Debug */ = {
			isa = XCBuildConfiguration;
			buildSettings = {
				ALWAYS_EMBED_SWIFT_STANDARD_LIBRARIES = YES;
				DEVELOPMENT_TEAM = G6RP4M9WGT;
				INFOPLIST_FILE = StarWarsEncyclopediaUITests/Info.plist;
				LD_RUNPATH_SEARCH_PATHS = "$(inherited) @executable_path/Frameworks @loader_path/Frameworks";
				PRODUCT_BUNDLE_IDENTIFIER = com.codingdojo.RainbowRoad.StarWarsEncyclopediaUITests;
				PRODUCT_NAME = "$(TARGET_NAME)";
				SWIFT_VERSION = 3.0;
				TEST_TARGET_NAME = StarWarsEncyclopedia;
			};
			name = Debug;
		};
		8C3DD1391F193F2900AE6BF1 /* Release */ = {
			isa = XCBuildConfiguration;
			buildSettings = {
				ALWAYS_EMBED_SWIFT_STANDARD_LIBRARIES = YES;
				DEVELOPMENT_TEAM = G6RP4M9WGT;
				INFOPLIST_FILE = StarWarsEncyclopediaUITests/Info.plist;
				LD_RUNPATH_SEARCH_PATHS = "$(inherited) @executable_path/Frameworks @loader_path/Frameworks";
				PRODUCT_BUNDLE_IDENTIFIER = com.codingdojo.RainbowRoad.StarWarsEncyclopediaUITests;
				PRODUCT_NAME = "$(TARGET_NAME)";
				SWIFT_VERSION = 3.0;
				TEST_TARGET_NAME = StarWarsEncyclopedia;
			};
			name = Release;
		};
/* End XCBuildConfiguration section */

/* Begin XCConfigurationList section */
		8C3DD1041F193F2900AE6BF1 /* Build configuration list for PBXProject "StarWarsEncyclopedia" */ = {
			isa = XCConfigurationList;
			buildConfigurations = (
				8C3DD12F1F193F2900AE6BF1 /* Debug */,
				8C3DD1301F193F2900AE6BF1 /* Release */,
			);
			defaultConfigurationIsVisible = 0;
			defaultConfigurationName = Release;
		};
		8C3DD1311F193F2900AE6BF1 /* Build configuration list for PBXNativeTarget "StarWarsEncyclopedia" */ = {
			isa = XCConfigurationList;
			buildConfigurations = (
				8C3DD1321F193F2900AE6BF1 /* Debug */,
				8C3DD1331F193F2900AE6BF1 /* Release */,
			);
			defaultConfigurationIsVisible = 0;
			defaultConfigurationName = Release;
		};
		8C3DD1341F193F2900AE6BF1 /* Build configuration list for PBXNativeTarget "StarWarsEncyclopediaTests" */ = {
			isa = XCConfigurationList;
			buildConfigurations = (
				8C3DD1351F193F2900AE6BF1 /* Debug */,
				8C3DD1361F193F2900AE6BF1 /* Release */,
			);
			defaultConfigurationIsVisible = 0;
			defaultConfigurationName = Release;
		};
		8C3DD1371F193F2900AE6BF1 /* Build configuration list for PBXNativeTarget "StarWarsEncyclopediaUITests" */ = {
			isa = XCConfigurationList;
			buildConfigurations = (
				8C3DD1381F193F2900AE6BF1 /* Debug */,
				8C3DD1391F193F2900AE6BF1 /* Release */,
			);
			defaultConfigurationIsVisible = 0;
			defaultConfigurationName = Release;
		};
/* End XCConfigurationList section */
	};
	rootObject = 8C3DD1011F193F2900AE6BF1 /* Project object */;
}
